
Microsoft Visual Studio Solution File, Format Version 12.00
# Visual Studio Version 16
VisualStudioVersion = 16.0.30611.23
MinimumVisualStudioVersion = 10.0.40219.1
Project("{FAE04EC0-301F-11D3-BF4B-00C04F79EFBC}") = "WebApplication1", "WebApplication1\WebApplication1.csproj", "{38A470C5-A13C-47A7-A641-76BD956D0621}"
EndProject
Global
	GlobalSection(SolutionConfigurationPlatforms) = preSolution
		Debug|Any CPU = Debug|Any CPU
		Release|Any CPU = Release|Any CPU
	EndGlobalSection
	GlobalSection(ProjectConfigurationPlatforms) = postSolution
		{38A470C5-A13C-47A7-A641-76BD956D0621}.Debug|Any CPU.ActiveCfg = Debug|Any CPU
		{38A470C5-A13C-47A7-A641-76BD956D0621}.Debug|Any CPU.Build.0 = Debug|Any CPU
		{38A470C5-A13C-47A7-A641-76BD956D0621}.Release|Any CPU.ActiveCfg = Release|Any CPU
		{38A470C5-A13C-47A7-A641-76BD956D0621}.Release|Any CPU.Build.0 = Release|Any CPU
	EndGlobalSection
	GlobalSection(SolutionProperties) = preSolution
		HideSolutionNode = FALSE
	EndGlobalSection
	GlobalSection(ExtensibilityGlobals) = postSolution
		SolutionGuid = {E6FAC008-431F-411C-A1AF-ACFA207EC082}
	EndGlobalSection
EndGlobal
